# This file was autogenerated by Stack.
# You should not edit this file by hand.
# For more information, please see the documentation at:
#   https://docs.haskellstack.org/en/stable/lock_files

packages:
- completed:
    hackage: scotty-0.12@sha256:32a4702316f4a90ca2be65a1191b889efcb0415002fb8c7e15c8606efa6bc134,5359
    pantry-tree:
      size: 1701
      sha256: 2ca8f65b151672b911c89bd2eae0de80e395174318c96c0cdc2a7bcd60754d1b
  original:
    hackage: scotty-0.12
- completed:
    hackage: wai-middleware-static-0.9.2@sha256:86e242ff17dedd087484a4a32f5c37d3d31beb64b8a82178e3f9477e39b22aff,3153
    pantry-tree:
      size: 473
      sha256: f4df75fc07d0bbd3f079427677c2edd107290fe5662d2d4184440bed5922f730
  original:
    hackage: wai-middleware-static-0.9.2
- completed:
    hackage: aeson-2.1.1.0@sha256:103ceb1421cd0ffa810bfb1acb1261d60addbde1a041fb5cce0056ff7d7dcdc2,5980
    pantry-tree:
      size: 38895
      sha256: 1bc76a80ce1638fb77e1a948ce7f1e1c89989edfc2413e5225ced36ae78d5a1a
  original:
    hackage: aeson-2.1.1.0
- completed:
    hackage: generically-0.1@sha256:16d54a08bcdf708395c2200a28ffcba55e90479dc96ed617dbb94f0411f7a7af,1024
    pantry-tree:
      size: 232
      sha256: 302b140ee5ccf6754ab96154486051f9ab989d3cbaa7c9674e1e9f0de7cdd07b
  original:
    hackage: generically-0.1
snapshots:
- completed:
    size: 619403
    url: https://raw.githubusercontent.com/commercialhaskell/stackage-snapshots/master/lts/19/24.yaml
    sha256: 98f5bee5bf07ff25263d7061e03c34595bfca543b611f9d3da5c95f2a6c8d723
  original: lts-19.24
