# This file was autogenerated by Stack.
# You should not edit this file by hand.
# For more information, please see the documentation at:
#   https://docs.haskellstack.org/en/stable/lock_files

packages:
- completed:
    name: rl-srl
    version: 0.1.0.0
    git: https://github.com/LarsVadgaard/RL-SRL.git
    pantry-tree:
      size: 30570
      sha256: 15f59b0ac0a15b46122fa1c1b2fb8d6c1c3e2962db8f7f8d7303ddd0b8060614
    commit: ca51d6e3a004d4cbc301a5dff53302dbf74486f1
  original:
    git: https://github.com/LarsVadgaard/RL-SRL.git
    commit: ca51d6e3a004d4cbc301a5dff53302dbf74486f1
- completed:
    hackage: scotty-0.12@sha256:32a4702316f4a90ca2be65a1191b889efcb0415002fb8c7e15c8606efa6bc134,5359
    pantry-tree:
      size: 1701
      sha256: 2ca8f65b151672b911c89bd2eae0de80e395174318c96c0cdc2a7bcd60754d1b
  original:
    hackage: scotty-0.12
snapshots:
- completed:
    size: 619403
    url: https://raw.githubusercontent.com/commercialhaskell/stackage-snapshots/master/lts/19/24.yaml
    sha256: 98f5bee5bf07ff25263d7061e03c34595bfca543b611f9d3da5c95f2a6c8d723
  original: lts-19.24
